
Microsoft Visual Studio Solution File, Format Version 12.00
# Visual Studio 15
VisualStudioVersion = 15.0.28307.421
MinimumVisualStudioVersion = 10.0.40219.1
Project("{888888A0-9F3D-457C-B088-3A5042F75D52}") = "ur5_kg_robot", "ur5_kg_robot\ur5_kg_robot.pyproj", "{59BD8916-0D01-4D32-84A1-F255E1C89984}"
EndProject
Global
	GlobalSection(SolutionConfigurationPlatforms) = preSolution
		Debug|Any CPU = Debug|Any CPU
		Release|Any CPU = Release|Any CPU
	EndGlobalSection
	GlobalSection(ProjectConfigurationPlatforms) = postSolution
		{59BD8916-0D01-4D32-84A1-F255E1C89984}.Debug|Any CPU.ActiveCfg = Debug|Any CPU
		{59BD8916-0D01-4D32-84A1-F255E1C89984}.Release|Any CPU.ActiveCfg = Release|Any CPU
	EndGlobalSection
	GlobalSection(SolutionProperties) = preSolution
		HideSolutionNode = FALSE
	EndGlobalSection
	GlobalSection(ExtensibilityGlobals) = postSolution
		SolutionGuid = {11D58E36-2179-4A18-9E2C-AEBE8F59A440}
	EndGlobalSection
EndGlobal
